Microsoft Visual Studio Solution File, Format Version 12.00
# Visual Studio 2015
Project("{8BC9CEB8-8B4A-11D0-8D11-00A0C91BC942}") = "spam.cp36-win32", "spam.cp36-win32.vcxproj", "{38EB1348-B8CC-1539-3368-4E38F591BEC1}"
EndProject
Global
	GlobalSection(SolutionConfigurationPlatforms) = preSolution
		Default|Win32 = Default|Win32
	EndGlobalSection
	GlobalSection(ProjectConfigurationPlatforms) = postSolution
		{38EB1348-B8CC-1539-3368-4E38F591BEC1}.Default|Win32.ActiveCfg = Default|Win32
		{38EB1348-B8CC-1539-3368-4E38F591BEC1}.Default|Win32.Build.0 = Default|Win32
	EndGlobalSection
	GlobalSection(SolutionProperties) = preSolution
		HideSolutionNode = FALSE
	EndGlobalSection
EndGlobal
