Microsoft Visual Studio Solution File, Format Version 12.00
# Visual Studio 2015
Project("{8BC9CEB8-8B4A-11D0-8D11-00A0C91BC942}") = "myapp", "myapp.vcxproj", "{D3720A30-AC72-ED1A-086F-8B0BE59871E8}"
EndProject
Global
	GlobalSection(SolutionConfigurationPlatforms) = preSolution
		Default|Win32 = Default|Win32
	EndGlobalSection
	GlobalSection(ProjectConfigurationPlatforms) = postSolution
		{D3720A30-AC72-ED1A-086F-8B0BE59871E8}.Default|Win32.ActiveCfg = Default|Win32
		{D3720A30-AC72-ED1A-086F-8B0BE59871E8}.Default|Win32.Build.0 = Default|Win32
	EndGlobalSection
	GlobalSection(SolutionProperties) = preSolution
		HideSolutionNode = FALSE
	EndGlobalSection
EndGlobal
